<?xml version="1.0" encoding="utf-8"?>
<Project ToolsVersion="4.0" xmlns="http://schemas.microsoft.com/developer/msbuild/2003">
  <ItemGroup>
    <Filter Include="源文件">
      <UniqueIdentifier>{4FC737F1-C7A5-4376-A066-2A32D752A2FF}</UniqueIdentifier>
      <Extensions>cpp;c;cc;cxx;c++;cppm;ixx;def;odl;idl;hpj;bat;asm;asmx</Extensions>
    </Filter>
    <Filter Include="头文件">
      <UniqueIdentifier>{93995380-89BD-4b04-88EB-625FBE52EBFB}</UniqueIdentifier>
      <Extensions>h;hh;hpp;hxx;h++;hm;inl;inc;ipp;xsd</Extensions>
    </Filter>
    <Filter Include="资源文件">
      <UniqueIdentifier>{67DA6AB6-F800-4c08-8B7A-83BB121AAD01}</UniqueIdentifier>
      <Extensions>rc;ico;cur;bmp;dlg;rc2;rct;bin;rgs;gif;jpg;jpeg;jpe;resx;tiff;tif;png;wav;mfcribbon-ms</Extensions>
    </Filter>
  </ItemGroup>
  <ItemGroup>
    <ClCompile Include="source\dllmain.cpp">
      <Filter>源文件</Filter>
    </ClCompile>
    <ClCompile Include="source\pch.cpp">
      <Filter>源文件</Filter>
    </ClCompile>
    <ClCompile Include="source\format\f2fs_format.cpp">
      <Filter>源文件</Filter>
    </ClCompile>
    <ClCompile Include="source\format\f2fs_format_utils.cpp">
      <Filter>源文件</Filter>
    </ClCompile>
    <ClCompile Include="source\lib\libf2fs.cpp">
      <Filter>源文件</Filter>
    </ClCompile>
    <ClCompile Include="source\lib\libf2fs_io.cpp">
      <Filter>源文件</Filter>
    </ClCompile>
    <ClCompile Include="source\f2fs-filesystem.cpp">
      <Filter>源文件</Filter>
    </ClCompile>
    <ClCompile Include="source\lib\libf2fs_zoned.cpp">
      <Filter>源文件</Filter>
    </ClCompile>
    <ClCompile Include="source\lib\nls_utf8.cpp">
      <Filter>源文件</Filter>
    </ClCompile>
    <ClCompile Include="source\f2fs\super.cpp">
      <Filter>源文件</Filter>
    </ClCompile>
    <ClCompile Include="source\f2fs\xattr.cpp">
      <Filter>源文件</Filter>
    </ClCompile>
    <ClCompile Include="source\f2fs\checkpoint.cpp">
      <Filter>源文件</Filter>
    </ClCompile>
    <ClCompile Include="source\f2fs\node.cpp">
      <Filter>源文件</Filter>
    </ClCompile>
    <ClCompile Include="source\f2fs\sysfs.cpp">
      <Filter>源文件</Filter>
    </ClCompile>
    <ClCompile Include="source\f2fs\extent_cache.cpp">
      <Filter>源文件</Filter>
    </ClCompile>
    <ClCompile Include="source\f2fs\shrinker.cpp">
      <Filter>源文件</Filter>
    </ClCompile>
    <ClCompile Include="source\f2fs\recovery.cpp">
      <Filter>源文件</Filter>
    </ClCompile>
    <ClCompile Include="source\f2fs\gc.cpp">
      <Filter>源文件</Filter>
    </ClCompile>
    <ClCompile Include="source\f2fs\inode.cpp">
      <Filter>源文件</Filter>
    </ClCompile>
    <ClCompile Include="source\f2fs\data.cpp">
      <Filter>源文件</Filter>
    </ClCompile>
    <ClCompile Include="source\f2fs\segment.cpp">
      <Filter>源文件</Filter>
    </ClCompile>
    <ClCompile Include="source\control-thread.cpp">
      <Filter>源文件</Filter>
    </ClCompile>
    <ClCompile Include="source\discard-control.cpp">
      <Filter>源文件</Filter>
    </ClCompile>
    <ClCompile Include="source\checkpoint-control.cpp">
      <Filter>源文件</Filter>
    </ClCompile>
    <ClCompile Include="source\f2fs\file.cpp">
      <Filter>源文件</Filter>
    </ClCompile>
    <ClCompile Include="source\f2fs\inline.cpp">
      <Filter>源文件</Filter>
    </ClCompile>
    <ClCompile Include="source\f2fs\namei.cpp">
      <Filter>源文件</Filter>
    </ClCompile>
    <ClCompile Include="source\f2fs\f2fs-inode.cpp">
      <Filter>源文件</Filter>
    </ClCompile>
    <ClCompile Include="source\f2fs-fileinfo.cpp">
      <Filter>源文件</Filter>
    </ClCompile>
    <ClCompile Include="source\f2fs\dir.cpp">
      <Filter>源文件</Filter>
    </ClCompile>
    <ClCompile Include="source\f2fs\hash.cpp">
      <Filter>源文件</Filter>
    </ClCompile>
    <ClCompile Include="source\unit_test.cpp">
      <Filter>源文件</Filter>
    </ClCompile>
    <ClCompile Include="source\healthinfo-file.cpp">
      <Filter>源文件</Filter>
    </ClCompile>
    <ClCompile Include="source\io-complete-ctrl.cpp">
      <Filter>源文件</Filter>
    </ClCompile>
  </ItemGroup>
  <ItemGroup>
    <ClInclude Include="source\framework.h">
      <Filter>头文件</Filter>
    </ClInclude>
    <ClInclude Include="source\pch.h">
      <Filter>头文件</Filter>
    </ClInclude>
    <ClInclude Include="include\f2fs-filesystem.h">
      <Filter>头文件</Filter>
    </ClInclude>
    <ClInclude Include="include\android_config.h">
      <Filter>头文件</Filter>
    </ClInclude>
    <ClInclude Include="include\config.h">
      <Filter>头文件</Filter>
    </ClInclude>
    <ClInclude Include="include\f2fs_fs.h">
      <Filter>头文件</Filter>
    </ClInclude>
    <ClInclude Include="include\quota.h">
      <Filter>头文件</Filter>
    </ClInclude>
    <ClInclude Include="source\format\f2fs_format_utils.h">
      <Filter>头文件</Filter>
    </ClInclude>
    <ClInclude Include="source\lib\utf8data.h">
      <Filter>头文件</Filter>
    </ClInclude>
    <ClInclude Include="include\list.h">
      <Filter>头文件</Filter>
    </ClInclude>
    <ClInclude Include="include\f2fs.h">
      <Filter>头文件</Filter>
    </ClInclude>
    <ClInclude Include="source\f2fs\gc.h">
      <Filter>头文件</Filter>
    </ClInclude>
    <ClInclude Include="source\f2fs\segment.h">
      <Filter>头文件</Filter>
    </ClInclude>
    <ClInclude Include="source\f2fs\xattr.h">
      <Filter>头文件</Filter>
    </ClInclude>
    <ClInclude Include="include\dcache.h">
      <Filter>头文件</Filter>
    </ClInclude>
    <ClInclude Include="source\mapping.h">
      <Filter>头文件</Filter>
    </ClInclude>
    <ClInclude Include="include\f2fs-super-block.h">
      <Filter>头文件</Filter>
    </ClInclude>
    <ClInclude Include="include\segment-manager.h">
      <Filter>头文件</Filter>
    </ClInclude>
    <ClInclude Include="include\f2fs-inode.h">
      <Filter>头文件</Filter>
    </ClInclude>
    <ClInclude Include="include\control-thread.h">
      <Filter>头文件</Filter>
    </ClInclude>
    <ClInclude Include="include\discard-control.h">
      <Filter>头文件</Filter>
    </ClInclude>
    <ClInclude Include="include\node-manager.h">
      <Filter>头文件</Filter>
    </ClInclude>
    <ClInclude Include="source\file.h">
      <Filter>头文件</Filter>
    </ClInclude>
    <ClInclude Include="source\unit_test.h">
      <Filter>头文件</Filter>
    </ClInclude>
    <ClInclude Include="include\io-complete-ctrl.h">
      <Filter>头文件</Filter>
    </ClInclude>
  </ItemGroup>
</Project>